
Microsoft Visual Studio Solution File, Format Version 12.00
# Visual Studio Version 17
VisualStudioVersion = 17.9.34902.65
MinimumVisualStudioVersion = 10.0.40219.1
Project("{FAE04EC0-301F-11D3-BF4B-00C04F79EFBC}") = "Api budger", "Api budger\Api budger.csproj", "{C08A5366-5414-4F36-92BA-45F01214EFBA}"
EndProject
Global
	GlobalSection(SolutionConfigurationPlatforms) = preSolution
		Debug|Any CPU = Debug|Any CPU
		Release|Any CPU = Release|Any CPU
	EndGlobalSection
	GlobalSection(ProjectConfigurationPlatforms) = postSolution
		{C08A5366-5414-4F36-92BA-45F01214EFBA}.Debug|Any CPU.ActiveCfg = Debug|Any CPU
		{C08A5366-5414-4F36-92BA-45F01214EFBA}.Debug|Any CPU.Build.0 = Debug|Any CPU
		{C08A5366-5414-4F36-92BA-45F01214EFBA}.Release|Any CPU.ActiveCfg = Release|Any CPU
		{C08A5366-5414-4F36-92BA-45F01214EFBA}.Release|Any CPU.Build.0 = Release|Any CPU
	EndGlobalSection
	GlobalSection(SolutionProperties) = preSolution
		HideSolutionNode = FALSE
	EndGlobalSection
	GlobalSection(ExtensibilityGlobals) = postSolution
		SolutionGuid = {182DB8B9-8DB5-42D5-983E-06A4F3F892E0}
	EndGlobalSection
EndGlobal
